{
  "version": 4,
  "terraform_version": "1.2.5",
  "serial": 35,
  "lineage": "d8108888-c132-0904-d646-384290a8d32d",
  "outputs": {
    "output_name": {
      "value": "var.txt",
      "type": "string"
    }
  },
  "resources": [
    {
      "mode": "managed",
      "type": "local_file",
      "name": "pctfile1",
      "provider": "provider[\"registry.terraform.io/hashicorp/local\"]",
      "instances": [
        {
          "schema_version": 0,
          "attributes": {
            "content": "aeaf60d26b",
            "content_base64": null,
            "directory_permission": "0777",
            "file_permission": "0777",
            "filename": "test.txt",
            "id": "1fff57d04d7c28623e64b7578093ce18c40cb4e7",
            "sensitive_content": null,
            "source": null
          },
          "sensitive_attributes": [],
          "private": "bnVsbA==",
          "dependencies": [
            "random_id.content"
          ]
        }
      ]
    },
    {
      "mode": "managed",
      "type": "local_file",
      "name": "pctfile2",
      "provider": "provider[\"registry.terraform.io/hashicorp/local\"]",
      "instances": [
        {
          "schema_version": 0,
          "attributes": {
            "content": "123456",
            "content_base64": null,
            "directory_permission": "0777",
            "file_permission": "0777",
            "filename": "value.txt",
            "id": "7c4a8d09ca3762af61e59520943dc26494f8941b",
            "sensitive_content": null,
            "source": null
          },
          "sensitive_attributes": [],
          "private": "bnVsbA=="
        }
      ]
    },
    {
      "mode": "managed",
      "type": "local_file",
      "name": "pctfile3",
      "provider": "provider[\"registry.terraform.io/hashicorp/local\"]",
      "instances": [
        {
          "schema_version": 0,
          "attributes": {
            "content": "Mobile is fully Charge",
            "content_base64": null,
            "directory_permission": "0777",
            "file_permission": "0777",
            "filename": "Abc.txt",
            "id": "1cc5a566ef5e326f99c3b0a7235d1e3c40bd1ef1",
            "sensitive_content": null,
            "source": null
          },
          "sensitive_attributes": [],
          "private": "bnVsbA=="
        }
      ]
    },
    {
      "mode": "managed",
      "type": "local_file",
      "name": "pctfile4",
      "provider": "provider[\"registry.terraform.io/hashicorp/local\"]",
      "instances": [
        {
          "schema_version": 0,
          "attributes": {
            "content": "15251525",
            "content_base64": null,
            "directory_permission": "0777",
            "file_permission": "0777",
            "filename": "obj.txt",
            "id": "5d4e53fc6c076be7446f3e260e9480d47e50a949",
            "sensitive_content": null,
            "source": null
          },
          "sensitive_attributes": [],
          "private": "bnVsbA=="
        }
      ]
    },
    {
      "mode": "managed",
      "type": "local_file",
      "name": "pctfile5",
      "provider": "provider[\"registry.terraform.io/hashicorp/local\"]",
      "instances": [
        {
          "schema_version": 0,
          "attributes": {
            "content": "Application",
            "content_base64": null,
            "directory_permission": "0777",
            "file_permission": "0777",
            "filename": "match.txt",
            "id": "b291beb8793f4f3308c463951165dad483715a6c",
            "sensitive_content": null,
            "source": null
          },
          "sensitive_attributes": [],
          "private": "bnVsbA=="
        }
      ]
    },
    {
      "mode": "managed",
      "type": "local_file",
      "name": "pctfile6",
      "provider": "provider[\"registry.terraform.io/hashicorp/local\"]",
      "instances": [
        {
          "schema_version": 0,
          "attributes": {
            "content": "amazon web service",
            "content_base64": null,
            "directory_permission": "0777",
            "file_permission": "0777",
            "filename": "space.txt",
            "id": "3bce000d02a1c3fb8b341fac49bdcc8a65018807",
            "sensitive_content": null,
            "source": null
          },
          "sensitive_attributes": [],
          "private": "bnVsbA=="
        }
      ]
    },
    {
      "mode": "managed",
      "type": "local_file",
      "name": "pctfile7",
      "provider": "provider[\"registry.terraform.io/hashicorp/local\"]",
      "instances": [
        {
          "schema_version": 0,
          "attributes": {
            "content": "Content is ABCD",
            "content_base64": null,
            "directory_permission": "0777",
            "file_permission": "0777",
            "filename": "var.txt",
            "id": "381fe836940d2c4333e4840097328b9c66f20723",
            "sensitive_content": null,
            "source": null
          },
          "sensitive_attributes": [],
          "private": "bnVsbA=="
        }
      ]
    },
    {
      "mode": "managed",
      "type": "local_file",
      "name": "pctfile9",
      "provider": "provider[\"registry.terraform.io/hashicorp/local\"]",
      "instances": [
        {
          "schema_version": 0,
          "attributes": {
            "content": "Content is ABCD",
            "content_base64": null,
            "directory_permission": "0777",
            "file_permission": "0777",
            "filename": "var.txt",
            "id": "381fe836940d2c4333e4840097328b9c66f20723",
            "sensitive_content": null,
            "source": null
          },
          "sensitive_attributes": [],
          "private": "bnVsbA=="
        }
      ]
    },
    {
      "mode": "managed",
      "type": "random_id",
      "name": "content",
      "provider": "provider[\"registry.terraform.io/hashicorp/random\"]",
      "instances": [
        {
          "schema_version": 0,
          "attributes": {
            "b64_std": "rq9g0ms=",
            "b64_url": "rq9g0ms",
            "byte_length": 5,
            "dec": "750266667627",
            "hex": "aeaf60d26b",
            "id": "rq9g0ms",
            "keepers": null,
            "prefix": null
          },
          "sensitive_attributes": [],
          "private": "bnVsbA=="
        }
      ]
    }
  ]
}
